
Microsoft Visual Studio Solution File, Format Version 12.00
# Visual Studio Version 16
VisualStudioVersion = 16.0.30611.23
MinimumVisualStudioVersion = 10.0.40219.1
Project("{FAE04EC0-301F-11D3-BF4B-00C04F79EFBC}") = "AuthSystem", "AuthSystem\AuthSystem.csproj", "{13820A91-610D-4234-93F9-3DFEC4C7502C}"
EndProject
Global
	GlobalSection(SolutionConfigurationPlatforms) = preSolution
		Debug|Any CPU = Debug|Any CPU
		Release|Any CPU = Release|Any CPU
	EndGlobalSection
	GlobalSection(ProjectConfigurationPlatforms) = postSolution
		{13820A91-610D-4234-93F9-3DFEC4C7502C}.Debug|Any CPU.ActiveCfg = Debug|Any CPU
		{13820A91-610D-4234-93F9-3DFEC4C7502C}.Debug|Any CPU.Build.0 = Debug|Any CPU
		{13820A91-610D-4234-93F9-3DFEC4C7502C}.Release|Any CPU.ActiveCfg = Release|Any CPU
		{13820A91-610D-4234-93F9-3DFEC4C7502C}.Release|Any CPU.Build.0 = Release|Any CPU
	EndGlobalSection
	GlobalSection(SolutionProperties) = preSolution
		HideSolutionNode = FALSE
	EndGlobalSection
	GlobalSection(ExtensibilityGlobals) = postSolution
		SolutionGuid = {AF588418-C50A-4748-BEC4-169355CB0D48}
	EndGlobalSection
EndGlobal
